DEPENDENCIES
  ChefPackerAMICookbook
    git: git@github.com:victorsibanda/ChefPackerAMICookbook.git
    revision: 143fa382caf4de1fdda6187c717c050fa2b1f464
  PythonDevEnvCookbook
    git: git@github.com:victorsibanda/PythonDevEnvCookbook.git
    revision: dec357d3114c15474a0cc1972be0d08274d1f408

GRAPH
  ChefPackerAMICookbook (0.1.0)
  PythonDevEnvCookbook (0.1.0)
