DEPENDENCIES
  ChefPackerAMICookbook
    git: git@github.com:victorsibanda/ChefPackerAMICookbook.git
    revision: 25f52a009dd135b968b44362d598c3bc88c00ee2
  PythonDevEnvCookbook
    git: git@github.com:victorsibanda/PythonDevEnvCookbook.git
    revision: 83c96bb8acec2d7aa2bcbf251dd47519b05dbcf1

GRAPH
  ChefPackerAMICookbook (0.1.0)
  PythonDevEnvCookbook (0.1.0)
